
Microsoft Visual Studio Solution File, Format Version 12.00
# Visual Studio Version 17
VisualStudioVersion = 17.13.35931.197 d17.13
MinimumVisualStudioVersion = 10.0.40219.1
Project("{FAE04EC0-301F-11D3-BF4B-00C04F79EFBC}") = "ado net asgn1", "ado net asgn1\ado net asgn1.csproj", "{0688EEC8-629B-4418-88B7-8B8455B8DF51}"
EndProject
Global
	GlobalSection(SolutionConfigurationPlatforms) = preSolution
		Debug|Any CPU = Debug|Any CPU
		Release|Any CPU = Release|Any CPU
	EndGlobalSection
	GlobalSection(ProjectConfigurationPlatforms) = postSolution
		{0688EEC8-629B-4418-88B7-8B8455B8DF51}.Debug|Any CPU.ActiveCfg = Debug|Any CPU
		{0688EEC8-629B-4418-88B7-8B8455B8DF51}.Debug|Any CPU.Build.0 = Debug|Any CPU
		{0688EEC8-629B-4418-88B7-8B8455B8DF51}.Release|Any CPU.ActiveCfg = Release|Any CPU
		{0688EEC8-629B-4418-88B7-8B8455B8DF51}.Release|Any CPU.Build.0 = Release|Any CPU
	EndGlobalSection
	GlobalSection(SolutionProperties) = preSolution
		HideSolutionNode = FALSE
	EndGlobalSection
	GlobalSection(ExtensibilityGlobals) = postSolution
		SolutionGuid = {F3EA84BD-E575-4CBB-AC6A-9B8D2AF2816E}
	EndGlobalSection
EndGlobal
